
Microsoft Visual Studio Solution File, Format Version 12.00
# Visual Studio Version 16
VisualStudioVersion = 16.0.29613.14
MinimumVisualStudioVersion = 10.0.40219.1
Project("{FAE04EC0-301F-11D3-BF4B-00C04F79EFBC}") = "ListViewXamarin.Android", "ListViewXamarin\ListViewXamarin.Android\ListViewXamarin.Android.csproj", "{693DBD26-BC58-4CAA-8880-DFB784CB7D49}"
EndProject
Project("{FAE04EC0-301F-11D3-BF4B-00C04F79EFBC}") = "ListViewXamarin.iOS", "ListViewXamarin\ListViewXamarin.iOS\ListViewXamarin.iOS.csproj", "{1C0781A5-5CB5-479C-8B76-4AD98C88EEE7}"
EndProject
Project("{FAE04EC0-301F-11D3-BF4B-00C04F79EFBC}") = "ListViewXamarin", "ListViewXamarin\ListViewXamarin\ListViewXamarin.csproj", "{DD365DBB-46A9-467A-B71C-0AD52F7D38A4}"
EndProject
Global
	GlobalSection(SolutionConfigurationPlatforms) = preSolution
		Debug|Any CPU = Debug|Any CPU
		Debug|iPhone = Debug|iPhone
		Debug|iPhoneSimulator = Debug|iPhoneSimulator
		Release|Any CPU = Release|Any CPU
		Release|iPhone = Release|iPhone
		Release|iPhoneSimulator = Release|iPhoneSimulator
	EndGlobalSection
	GlobalSection(ProjectConfigurationPlatforms) = postSolution
		{693DBD26-BC58-4CAA-8880-DFB784CB7D49}.Debug|Any CPU.ActiveCfg = Debug|Any CPU
		{693DBD26-BC58-4CAA-8880-DFB784CB7D49}.Debug|Any CPU.Build.0 = Debug|Any CPU
		{693DBD26-BC58-4CAA-8880-DFB784CB7D49}.Debug|Any CPU.Deploy.0 = Debug|Any CPU
		{693DBD26-BC58-4CAA-8880-DFB784CB7D49}.Debug|iPhone.ActiveCfg = Debug|Any CPU
		{693DBD26-BC58-4CAA-8880-DFB784CB7D49}.Debug|iPhone.Build.0 = Debug|Any CPU
		{693DBD26-BC58-4CAA-8880-DFB784CB7D49}.Debug|iPhone.Deploy.0 = Debug|Any CPU
		{693DBD26-BC58-4CAA-8880-DFB784CB7D49}.Debug|iPhoneSimulator.ActiveCfg = Debug|Any CPU
		{693DBD26-BC58-4CAA-8880-DFB784CB7D49}.Debug|iPhoneSimulator.Build.0 = Debug|Any CPU
		{693DBD26-BC58-4CAA-8880-DFB784CB7D49}.Debug|iPhoneSimulator.Deploy.0 = Debug|Any CPU
		{693DBD26-BC58-4CAA-8880-DFB784CB7D49}.Release|Any CPU.ActiveCfg = Release|Any CPU
		{693DBD26-BC58-4CAA-8880-DFB784CB7D49}.Release|Any CPU.Build.0 = Release|Any CPU
		{693DBD26-BC58-4CAA-8880-DFB784CB7D49}.Release|Any CPU.Deploy.0 = Release|Any CPU
		{693DBD26-BC58-4CAA-8880-DFB784CB7D49}.Release|iPhone.ActiveCfg = Release|Any CPU
		{693DBD26-BC58-4CAA-8880-DFB784CB7D49}.Release|iPhone.Build.0 = Release|Any CPU
		{693DBD26-BC58-4CAA-8880-DFB784CB7D49}.Release|iPhone.Deploy.0 = Release|Any CPU
		{693DBD26-BC58-4CAA-8880-DFB784CB7D49}.Release|iPhoneSimulator.ActiveCfg = Release|Any CPU
		{693DBD26-BC58-4CAA-8880-DFB784CB7D49}.Release|iPhoneSimulator.Build.0 = Release|Any CPU
		{693DBD26-BC58-4CAA-8880-DFB784CB7D49}.Release|iPhoneSimulator.Deploy.0 = Release|Any CPU
		{1C0781A5-5CB5-479C-8B76-4AD98C88EEE7}.Debug|Any CPU.ActiveCfg = Debug|iPhoneSimulator
		{1C0781A5-5CB5-479C-8B76-4AD98C88EEE7}.Debug|Any CPU.Build.0 = Debug|iPhoneSimulator
		{1C0781A5-5CB5-479C-8B76-4AD98C88EEE7}.Debug|Any CPU.Deploy.0 = Debug|iPhoneSimulator
		{1C0781A5-5CB5-479C-8B76-4AD98C88EEE7}.Debug|iPhone.ActiveCfg = Debug|iPhone
		{1C0781A5-5CB5-479C-8B76-4AD98C88EEE7}.Debug|iPhone.Build.0 = Debug|iPhone
		{1C0781A5-5CB5-479C-8B76-4AD98C88EEE7}.Debug|iPhone.Deploy.0 = Debug|iPhone
		{1C0781A5-5CB5-479C-8B76-4AD98C88EEE7}.Debug|iPhoneSimulator.ActiveCfg = Debug|iPhoneSimulator
		{1C0781A5-5CB5-479C-8B76-4AD98C88EEE7}.Debug|iPhoneSimulator.Build.0 = Debug|iPhoneSimulator
		{1C0781A5-5CB5-479C-8B76-4AD98C88EEE7}.Debug|iPhoneSimulator.Deploy.0 = Debug|iPhoneSimulator
		{1C0781A5-5CB5-479C-8B76-4AD98C88EEE7}.Release|Any CPU.ActiveCfg = Release|iPhone
		{1C0781A5-5CB5-479C-8B76-4AD98C88EEE7}.Release|Any CPU.Build.0 = Release|iPhone
		{1C0781A5-5CB5-479C-8B76-4AD98C88EEE7}.Release|Any CPU.Deploy.0 = Release|iPhone
		{1C0781A5-5CB5-479C-8B76-4AD98C88EEE7}.Release|iPhone.ActiveCfg = Release|iPhone
		{1C0781A5-5CB5-479C-8B76-4AD98C88EEE7}.Release|iPhone.Build.0 = Release|iPhone
		{1C0781A5-5CB5-479C-8B76-4AD98C88EEE7}.Release|iPhone.Deploy.0 = Release|iPhone
		{1C0781A5-5CB5-479C-8B76-4AD98C88EEE7}.Release|iPhoneSimulator.ActiveCfg = Release|iPhoneSimulator
		{1C0781A5-5CB5-479C-8B76-4AD98C88EEE7}.Release|iPhoneSimulator.Build.0 = Release|iPhoneSimulator
		{1C0781A5-5CB5-479C-8B76-4AD98C88EEE7}.Release|iPhoneSimulator.Deploy.0 = Release|iPhoneSimulator
		{DD365DBB-46A9-467A-B71C-0AD52F7D38A4}.Debug|Any CPU.ActiveCfg = Debug|Any CPU
		{DD365DBB-46A9-467A-B71C-0AD52F7D38A4}.Debug|Any CPU.Build.0 = Debug|Any CPU
		{DD365DBB-46A9-467A-B71C-0AD52F7D38A4}.Debug|Any CPU.Deploy.0 = Debug|Any CPU
		{DD365DBB-46A9-467A-B71C-0AD52F7D38A4}.Debug|iPhone.ActiveCfg = Debug|Any CPU
		{DD365DBB-46A9-467A-B71C-0AD52F7D38A4}.Debug|iPhone.Build.0 = Debug|Any CPU
		{DD365DBB-46A9-467A-B71C-0AD52F7D38A4}.Debug|iPhone.Deploy.0 = Debug|Any CPU
		{DD365DBB-46A9-467A-B71C-0AD52F7D38A4}.Debug|iPhoneSimulator.ActiveCfg = Debug|Any CPU
		{DD365DBB-46A9-467A-B71C-0AD52F7D38A4}.Debug|iPhoneSimulator.Build.0 = Debug|Any CPU
		{DD365DBB-46A9-467A-B71C-0AD52F7D38A4}.Debug|iPhoneSimulator.Deploy.0 = Debug|Any CPU
		{DD365DBB-46A9-467A-B71C-0AD52F7D38A4}.Release|Any CPU.ActiveCfg = Release|Any CPU
		{DD365DBB-46A9-467A-B71C-0AD52F7D38A4}.Release|Any CPU.Build.0 = Release|Any CPU
		{DD365DBB-46A9-467A-B71C-0AD52F7D38A4}.Release|Any CPU.Deploy.0 = Release|Any CPU
		{DD365DBB-46A9-467A-B71C-0AD52F7D38A4}.Release|iPhone.ActiveCfg = Release|Any CPU
		{DD365DBB-46A9-467A-B71C-0AD52F7D38A4}.Release|iPhone.Build.0 = Release|Any CPU
		{DD365DBB-46A9-467A-B71C-0AD52F7D38A4}.Release|iPhone.Deploy.0 = Release|Any CPU
		{DD365DBB-46A9-467A-B71C-0AD52F7D38A4}.Release|iPhoneSimulator.ActiveCfg = Release|Any CPU
		{DD365DBB-46A9-467A-B71C-0AD52F7D38A4}.Release|iPhoneSimulator.Build.0 = Release|Any CPU
		{DD365DBB-46A9-467A-B71C-0AD52F7D38A4}.Release|iPhoneSimulator.Deploy.0 = Release|Any CPU
	EndGlobalSection
	GlobalSection(SolutionProperties) = preSolution
		HideSolutionNode = FALSE
	EndGlobalSection
	GlobalSection(ExtensibilityGlobals) = postSolution
		SolutionGuid = {15D9EDDD-9B23-44E5-BFA2-854268286C3B}
	EndGlobalSection
EndGlobal
